
Microsoft Visual Studio Solution File, Format Version 12.00
# Visual Studio 15
VisualStudioVersion = 15.0.26124.0
MinimumVisualStudioVersion = 15.0.26124.0
Project("{2150E333-8FDC-42A3-9474-1A3956D46DE8}") = "01-Application", "01-Application", "{952712D7-C049-4BCF-B992-B233B1FBBCC5}"
EndProject
Project("{FAE04EC0-301F-11D3-BF4B-00C04F79EFBC}") = "Application", "01-Application\Application\Application.csproj", "{3185A2E5-A2E7-41A5-A00B-9610A400CA09}"
EndProject
Project("{2150E333-8FDC-42A3-9474-1A3956D46DE8}") = "02-Domain", "02-Domain", "{2A2EC84B-64B8-4C5A-92F4-AFE7223CD198}"
EndProject
Project("{FAE04EC0-301F-11D3-BF4B-00C04F79EFBC}") = "Domain", "02-Domain\Domain\Domain.csproj", "{D270A30A-38B7-40DA-ABB2-6718BD1BCA2B}"
EndProject
Project("{2150E333-8FDC-42A3-9474-1A3956D46DE8}") = "03-Service", "03-Service", "{180AE73B-BE94-44E7-9BAA-911051B3CAC7}"
EndProject
Project("{FAE04EC0-301F-11D3-BF4B-00C04F79EFBC}") = "Service", "03-Service\Service\Service.csproj", "{4348512B-6A09-4F94-9518-A3CEDDA6EF98}"
EndProject
Project("{2150E333-8FDC-42A3-9474-1A3956D46DE8}") = "04-Data", "04-Data", "{DE1240ED-DC5F-4F86-9868-AB166BF0EA11}"
EndProject
Project("{FAE04EC0-301F-11D3-BF4B-00C04F79EFBC}") = "Data", "04-Data\Data\Data.csproj", "{5209371B-0267-431B-A467-58928E559824}"
EndProject
Project("{2150E333-8FDC-42A3-9474-1A3956D46DE8}") = "05-CrossCutting", "05-CrossCutting", "{492ED2E2-FA74-4A03-BA7A-465F48CD01D0}"
EndProject
Project("{FAE04EC0-301F-11D3-BF4B-00C04F79EFBC}") = "CrossCutting", "05-CrossCutting\CrossCutting\CrossCutting.csproj", "{969107BF-F97D-4B04-8FAD-BC29F153EEF6}"
EndProject
Global
	GlobalSection(SolutionConfigurationPlatforms) = preSolution
		Debug|Any CPU = Debug|Any CPU
		Debug|x64 = Debug|x64
		Debug|x86 = Debug|x86
		Release|Any CPU = Release|Any CPU
		Release|x64 = Release|x64
		Release|x86 = Release|x86
	EndGlobalSection
	GlobalSection(SolutionProperties) = preSolution
		HideSolutionNode = FALSE
	EndGlobalSection
	GlobalSection(ProjectConfigurationPlatforms) = postSolution
		{3185A2E5-A2E7-41A5-A00B-9610A400CA09}.Debug|Any CPU.ActiveCfg = Debug|Any CPU
		{3185A2E5-A2E7-41A5-A00B-9610A400CA09}.Debug|Any CPU.Build.0 = Debug|Any CPU
		{3185A2E5-A2E7-41A5-A00B-9610A400CA09}.Debug|x64.ActiveCfg = Debug|Any CPU
		{3185A2E5-A2E7-41A5-A00B-9610A400CA09}.Debug|x64.Build.0 = Debug|Any CPU
		{3185A2E5-A2E7-41A5-A00B-9610A400CA09}.Debug|x86.ActiveCfg = Debug|Any CPU
		{3185A2E5-A2E7-41A5-A00B-9610A400CA09}.Debug|x86.Build.0 = Debug|Any CPU
		{3185A2E5-A2E7-41A5-A00B-9610A400CA09}.Release|Any CPU.ActiveCfg = Release|Any CPU
		{3185A2E5-A2E7-41A5-A00B-9610A400CA09}.Release|Any CPU.Build.0 = Release|Any CPU
		{3185A2E5-A2E7-41A5-A00B-9610A400CA09}.Release|x64.ActiveCfg = Release|Any CPU
		{3185A2E5-A2E7-41A5-A00B-9610A400CA09}.Release|x64.Build.0 = Release|Any CPU
		{3185A2E5-A2E7-41A5-A00B-9610A400CA09}.Release|x86.ActiveCfg = Release|Any CPU
		{3185A2E5-A2E7-41A5-A00B-9610A400CA09}.Release|x86.Build.0 = Release|Any CPU
		{D270A30A-38B7-40DA-ABB2-6718BD1BCA2B}.Debug|Any CPU.ActiveCfg = Debug|Any CPU
		{D270A30A-38B7-40DA-ABB2-6718BD1BCA2B}.Debug|Any CPU.Build.0 = Debug|Any CPU
		{D270A30A-38B7-40DA-ABB2-6718BD1BCA2B}.Debug|x64.ActiveCfg = Debug|Any CPU
		{D270A30A-38B7-40DA-ABB2-6718BD1BCA2B}.Debug|x64.Build.0 = Debug|Any CPU
		{D270A30A-38B7-40DA-ABB2-6718BD1BCA2B}.Debug|x86.ActiveCfg = Debug|Any CPU
		{D270A30A-38B7-40DA-ABB2-6718BD1BCA2B}.Debug|x86.Build.0 = Debug|Any CPU
		{D270A30A-38B7-40DA-ABB2-6718BD1BCA2B}.Release|Any CPU.ActiveCfg = Release|Any CPU
		{D270A30A-38B7-40DA-ABB2-6718BD1BCA2B}.Release|Any CPU.Build.0 = Release|Any CPU
		{D270A30A-38B7-40DA-ABB2-6718BD1BCA2B}.Release|x64.ActiveCfg = Release|Any CPU
		{D270A30A-38B7-40DA-ABB2-6718BD1BCA2B}.Release|x64.Build.0 = Release|Any CPU
		{D270A30A-38B7-40DA-ABB2-6718BD1BCA2B}.Release|x86.ActiveCfg = Release|Any CPU
		{D270A30A-38B7-40DA-ABB2-6718BD1BCA2B}.Release|x86.Build.0 = Release|Any CPU
		{4348512B-6A09-4F94-9518-A3CEDDA6EF98}.Debug|Any CPU.ActiveCfg = Debug|Any CPU
		{4348512B-6A09-4F94-9518-A3CEDDA6EF98}.Debug|Any CPU.Build.0 = Debug|Any CPU
		{4348512B-6A09-4F94-9518-A3CEDDA6EF98}.Debug|x64.ActiveCfg = Debug|Any CPU
		{4348512B-6A09-4F94-9518-A3CEDDA6EF98}.Debug|x64.Build.0 = Debug|Any CPU
		{4348512B-6A09-4F94-9518-A3CEDDA6EF98}.Debug|x86.ActiveCfg = Debug|Any CPU
		{4348512B-6A09-4F94-9518-A3CEDDA6EF98}.Debug|x86.Build.0 = Debug|Any CPU
		{4348512B-6A09-4F94-9518-A3CEDDA6EF98}.Release|Any CPU.ActiveCfg = Release|Any CPU
		{4348512B-6A09-4F94-9518-A3CEDDA6EF98}.Release|Any CPU.Build.0 = Release|Any CPU
		{4348512B-6A09-4F94-9518-A3CEDDA6EF98}.Release|x64.ActiveCfg = Release|Any CPU
		{4348512B-6A09-4F94-9518-A3CEDDA6EF98}.Release|x64.Build.0 = Release|Any CPU
		{4348512B-6A09-4F94-9518-A3CEDDA6EF98}.Release|x86.ActiveCfg = Release|Any CPU
		{4348512B-6A09-4F94-9518-A3CEDDA6EF98}.Release|x86.Build.0 = Release|Any CPU
		{5209371B-0267-431B-A467-58928E559824}.Debug|Any CPU.ActiveCfg = Debug|Any CPU
		{5209371B-0267-431B-A467-58928E559824}.Debug|Any CPU.Build.0 = Debug|Any CPU
		{5209371B-0267-431B-A467-58928E559824}.Debug|x64.ActiveCfg = Debug|Any CPU
		{5209371B-0267-431B-A467-58928E559824}.Debug|x64.Build.0 = Debug|Any CPU
		{5209371B-0267-431B-A467-58928E559824}.Debug|x86.ActiveCfg = Debug|Any CPU
		{5209371B-0267-431B-A467-58928E559824}.Debug|x86.Build.0 = Debug|Any CPU
		{5209371B-0267-431B-A467-58928E559824}.Release|Any CPU.ActiveCfg = Release|Any CPU
		{5209371B-0267-431B-A467-58928E559824}.Release|Any CPU.Build.0 = Release|Any CPU
		{5209371B-0267-431B-A467-58928E559824}.Release|x64.ActiveCfg = Release|Any CPU
		{5209371B-0267-431B-A467-58928E559824}.Release|x64.Build.0 = Release|Any CPU
		{5209371B-0267-431B-A467-58928E559824}.Release|x86.ActiveCfg = Release|Any CPU
		{5209371B-0267-431B-A467-58928E559824}.Release|x86.Build.0 = Release|Any CPU
		{969107BF-F97D-4B04-8FAD-BC29F153EEF6}.Debug|Any CPU.ActiveCfg = Debug|Any CPU
		{969107BF-F97D-4B04-8FAD-BC29F153EEF6}.Debug|Any CPU.Build.0 = Debug|Any CPU
		{969107BF-F97D-4B04-8FAD-BC29F153EEF6}.Debug|x64.ActiveCfg = Debug|Any CPU
		{969107BF-F97D-4B04-8FAD-BC29F153EEF6}.Debug|x64.Build.0 = Debug|Any CPU
		{969107BF-F97D-4B04-8FAD-BC29F153EEF6}.Debug|x86.ActiveCfg = Debug|Any CPU
		{969107BF-F97D-4B04-8FAD-BC29F153EEF6}.Debug|x86.Build.0 = Debug|Any CPU
		{969107BF-F97D-4B04-8FAD-BC29F153EEF6}.Release|Any CPU.ActiveCfg = Release|Any CPU
		{969107BF-F97D-4B04-8FAD-BC29F153EEF6}.Release|Any CPU.Build.0 = Release|Any CPU
		{969107BF-F97D-4B04-8FAD-BC29F153EEF6}.Release|x64.ActiveCfg = Release|Any CPU
		{969107BF-F97D-4B04-8FAD-BC29F153EEF6}.Release|x64.Build.0 = Release|Any CPU
		{969107BF-F97D-4B04-8FAD-BC29F153EEF6}.Release|x86.ActiveCfg = Release|Any CPU
		{969107BF-F97D-4B04-8FAD-BC29F153EEF6}.Release|x86.Build.0 = Release|Any CPU
	EndGlobalSection
	GlobalSection(NestedProjects) = preSolution
		{3185A2E5-A2E7-41A5-A00B-9610A400CA09} = {952712D7-C049-4BCF-B992-B233B1FBBCC5}
		{D270A30A-38B7-40DA-ABB2-6718BD1BCA2B} = {2A2EC84B-64B8-4C5A-92F4-AFE7223CD198}
		{4348512B-6A09-4F94-9518-A3CEDDA6EF98} = {180AE73B-BE94-44E7-9BAA-911051B3CAC7}
		{5209371B-0267-431B-A467-58928E559824} = {DE1240ED-DC5F-4F86-9868-AB166BF0EA11}
		{969107BF-F97D-4B04-8FAD-BC29F153EEF6} = {492ED2E2-FA74-4A03-BA7A-465F48CD01D0}
	EndGlobalSection
EndGlobal
